
Microsoft Visual Studio Solution File, Format Version 12.00
# Visual Studio Version 17
VisualStudioVersion = 17.11.35303.130
MinimumVisualStudioVersion = 10.0.40219.1
Project("{FAE04EC0-301F-11D3-BF4B-00C04F79EFBC}") = "testecrudfiscalio", "testecrudfiscalio.csproj", "{AC913804-B99D-490B-ACD3-97ADFD895A16}"
EndProject
Global
	GlobalSection(SolutionConfigurationPlatforms) = preSolution
		Debug|Any CPU = Debug|Any CPU
		Release|Any CPU = Release|Any CPU
	EndGlobalSection
	GlobalSection(ProjectConfigurationPlatforms) = postSolution
		{AC913804-B99D-490B-ACD3-97ADFD895A16}.Debug|Any CPU.ActiveCfg = Debug|Any CPU
		{AC913804-B99D-490B-ACD3-97ADFD895A16}.Debug|Any CPU.Build.0 = Debug|Any CPU
		{AC913804-B99D-490B-ACD3-97ADFD895A16}.Release|Any CPU.ActiveCfg = Release|Any CPU
		{AC913804-B99D-490B-ACD3-97ADFD895A16}.Release|Any CPU.Build.0 = Release|Any CPU
	EndGlobalSection
	GlobalSection(SolutionProperties) = preSolution
		HideSolutionNode = FALSE
	EndGlobalSection
	GlobalSection(ExtensibilityGlobals) = postSolution
		SolutionGuid = {78F2CA45-36F7-4DA9-9882-CA8E76CD6C73}
	EndGlobalSection
EndGlobal
